// !$*UTF8*$!
{
	archiveVersion = 1;
	classes = {
	};
	objectVersion = 51;
	objects = {

/* Begin PBXBuildFile section */
		61DFCAE84F79D43F2DD20F71 /* Pods_Filmes.framework in Frameworks */ = {isa = PBXBuildFile; fileRef = 60E9BFBEF702B4571FAC1EAB /* Pods_Filmes.framework */; };
		DED77EABC1C8E1488AD54CCC /* Pods_Filmes_FilmesUITests.framework in Frameworks */ = {isa = PBXBuildFile; fileRef = 4132933B7F9D008406905DBF /* Pods_Filmes_FilmesUITests.framework */; };
		EA2C87562613A6BB0008B3C3 /* DetalhesFilmes.swift in Sources */ = {isa = PBXBuildFile; fileRef = EA2C87552613A6BB0008B3C3 /* DetalhesFilmes.swift */; };
		EA2C87632613B5010008B3C3 /* DetalhesFilmesViewController.swift in Sources */ = {isa = PBXBuildFile; fileRef = EA2C87622613B5010008B3C3 /* DetalhesFilmesViewController.swift */; };
		EA53642826115285008F0917 /* FilmesCollectionViewCell.swift in Sources */ = {isa = PBXBuildFile; fileRef = EA53642726115285008F0917 /* FilmesCollectionViewCell.swift */; };
		EACA582D2611157500A3E596 /* AppDelegate.swift in Sources */ = {isa = PBXBuildFile; fileRef = EACA582C2611157500A3E596 /* AppDelegate.swift */; };
		EACA582F2611157500A3E596 /* SceneDelegate.swift in Sources */ = {isa = PBXBuildFile; fileRef = EACA582E2611157500A3E596 /* SceneDelegate.swift */; };
		EACA58312611157500A3E596 /* FilmesViewController.swift in Sources */ = {isa = PBXBuildFile; fileRef = EACA58302611157500A3E596 /* FilmesViewController.swift */; };
		EACA58342611157500A3E596 /* Main.storyboard in Resources */ = {isa = PBXBuildFile; fileRef = EACA58322611157500A3E596 /* Main.storyboard */; };
		EACA58362611157D00A3E596 /* Assets.xcassets in Resources */ = {isa = PBXBuildFile; fileRef = EACA58352611157D00A3E596 /* Assets.xcassets */; };
		EACA58392611157D00A3E596 /* LaunchScreen.storyboard in Resources */ = {isa = PBXBuildFile; fileRef = EACA58372611157D00A3E596 /* LaunchScreen.storyboard */; };
		EACA58442611157D00A3E596 /* FilmesTests.swift in Sources */ = {isa = PBXBuildFile; fileRef = EACA58432611157D00A3E596 /* FilmesTests.swift */; };
		EACA584F2611157D00A3E596 /* FilmesUITests.swift in Sources */ = {isa = PBXBuildFile; fileRef = EACA584E2611157D00A3E596 /* FilmesUITests.swift */; };
		EACA587E2611371F00A3E596 /* FilmesSemana.swift in Sources */ = {isa = PBXBuildFile; fileRef = EACA587D2611371F00A3E596 /* FilmesSemana.swift */; };
		EAEE23652614C45F00880471 /* FilmeDetalhe.json in Resources */ = {isa = PBXBuildFile; fileRef = EAEE23642614C45F00880471 /* FilmeDetalhe.json */; };
		EAEE237F2614F13100880471 /* FimesPaginaInicial.json in Resources */ = {isa = PBXBuildFile; fileRef = EAEE237E2614F13100880471 /* FimesPaginaInicial.json */; };
		EF4CB7E5C1CC190AFEBCEE7D /* Pods_FilmesTests.framework in Frameworks */ = {isa = PBXBuildFile; fileRef = EC83B41DCECE31EF79EEFB24 /* Pods_FilmesTests.framework */; };
/* End PBXBuildFile section */

/* Begin PBXContainerItemProxy section */
		EACA58402611157D00A3E596 /* PBXContainerItemProxy */ = {
			isa = PBXContainerItemProxy;
			containerPortal = EACA58212611157500A3E596 /* Project object */;
			proxyType = 1;
			remoteGlobalIDString = EACA58282611157500A3E596;
			remoteInfo = Filmes;
		};
		EACA584B2611157D00A3E596 /* PBXContainerItemProxy */ = {
			isa = PBXContainerItemProxy;
			containerPortal = EACA58212611157500A3E596 /* Project object */;
			proxyType = 1;
			remoteGlobalIDString = EACA58282611157500A3E596;
			remoteInfo = Filmes;
		};
/* End PBXContainerItemProxy section */

/* Begin PBXFileReference section */
		2A92A21E14DD70F8DC81EFC2 /* Pods-Filmes-FilmesUITests.debug.xcconfig */ = {isa = PBXFileReference; includeInIndex = 1; lastKnownFileType = text.xcconfig; name = "Pods-Filmes-FilmesUITests.debug.xcconfig"; path = "Target Support Files/Pods-Filmes-FilmesUITests/Pods-Filmes-FilmesUITests.debug.xcconfig"; sourceTree = "<group>"; };
		2C89908FFFA32C9164A96C32 /* Pods-Filmes-FilmesUITests.release.xcconfig */ = {isa = PBXFileReference; includeInIndex = 1; lastKnownFileType = text.xcconfig; name = "Pods-Filmes-FilmesUITests.release.xcconfig"; path = "Target Support Files/Pods-Filmes-FilmesUITests/Pods-Filmes-FilmesUITests.release.xcconfig"; sourceTree = "<group>"; };
		3434DFBD115B74B2B2CCDC31 /* Pods-Filmes.release.xcconfig */ = {isa = PBXFileReference; includeInIndex = 1; lastKnownFileType = text.xcconfig; name = "Pods-Filmes.release.xcconfig"; path = "Target Support Files/Pods-Filmes/Pods-Filmes.release.xcconfig"; sourceTree = "<group>"; };
		4132933B7F9D008406905DBF /* Pods_Filmes_FilmesUITests.framework */ = {isa = PBXFileReference; explicitFileType = wrapper.framework; includeInIndex = 0; path = Pods_Filmes_FilmesUITests.framework; sourceTree = BUILT_PRODUCTS_DIR; };
		52D653C29F839D2574FEFFFD /* Pods-FilmesTests.release.xcconfig */ = {isa = PBXFileReference; includeInIndex = 1; lastKnownFileType = text.xcconfig; name = "Pods-FilmesTests.release.xcconfig"; path = "Target Support Files/Pods-FilmesTests/Pods-FilmesTests.release.xcconfig"; sourceTree = "<group>"; };
		60E9BFBEF702B4571FAC1EAB /* Pods_Filmes.framework */ = {isa = PBXFileReference; explicitFileType = wrapper.framework; includeInIndex = 0; path = Pods_Filmes.framework; sourceTree = BUILT_PRODUCTS_DIR; };
		BA4ACB5AEEC775CFDA4B2C25 /* Pods-Filmes.debug.xcconfig */ = {isa = PBXFileReference; includeInIndex = 1; lastKnownFileType = text.xcconfig; name = "Pods-Filmes.debug.xcconfig"; path = "Target Support Files/Pods-Filmes/Pods-Filmes.debug.xcconfig"; sourceTree = "<group>"; };
		D4A68EF9E3C036C4B02E445A /* Pods-FilmesTests.debug.xcconfig */ = {isa = PBXFileReference; includeInIndex = 1; lastKnownFileType = text.xcconfig; name = "Pods-FilmesTests.debug.xcconfig"; path = "Target Support Files/Pods-FilmesTests/Pods-FilmesTests.debug.xcconfig"; sourceTree = "<group>"; };
		EA2C87552613A6BB0008B3C3 /* DetalhesFilmes.swift */ = {isa = PBXFileReference; lastKnownFileType = sourcecode.swift; path = DetalhesFilmes.swift; sourceTree = "<group>"; };
		EA2C87622613B5010008B3C3 /* DetalhesFilmesViewController.swift */ = {isa = PBXFileReference; lastKnownFileType = sourcecode.swift; path = DetalhesFilmesViewController.swift; sourceTree = "<group>"; };
		EA53642726115285008F0917 /* FilmesCollectionViewCell.swift */ = {isa = PBXFileReference; lastKnownFileType = sourcecode.swift; path = FilmesCollectionViewCell.swift; sourceTree = "<group>"; };
		EACA58292611157500A3E596 /* Filmes.app */ = {isa = PBXFileReference; explicitFileType = wrapper.application; includeInIndex = 0; path = Filmes.app; sourceTree = BUILT_PRODUCTS_DIR; };
		EACA582C2611157500A3E596 /* AppDelegate.swift */ = {isa = PBXFileReference; lastKnownFileType = sourcecode.swift; path = AppDelegate.swift; sourceTree = "<group>"; };
		EACA582E2611157500A3E596 /* SceneDelegate.swift */ = {isa = PBXFileReference; lastKnownFileType = sourcecode.swift; path = SceneDelegate.swift; sourceTree = "<group>"; };
		EACA58302611157500A3E596 /* FilmesViewController.swift */ = {isa = PBXFileReference; lastKnownFileType = sourcecode.swift; path = FilmesViewController.swift; sourceTree = "<group>"; };
		EACA58332611157500A3E596 /* Base */ = {isa = PBXFileReference; lastKnownFileType = file.storyboard; name = Base; path = Base.lproj/Main.storyboard; sourceTree = "<group>"; };
		EACA58352611157D00A3E596 /* Assets.xcassets */ = {isa = PBXFileReference; lastKnownFileType = folder.assetcatalog; path = Assets.xcassets; sourceTree = "<group>"; };
		EACA58382611157D00A3E596 /* Base */ = {isa = PBXFileReference; lastKnownFileType = file.storyboard; name = Base; path = Base.lproj/LaunchScreen.storyboard; sourceTree = "<group>"; };
		EACA583A2611157D00A3E596 /* Info.plist */ = {isa = PBXFileReference; lastKnownFileType = text.plist.xml; path = Info.plist; sourceTree = "<group>"; };
		EACA583F2611157D00A3E596 /* FilmesTests.xctest */ = {isa = PBXFileReference; explicitFileType = wrapper.cfbundle; includeInIndex = 0; path = FilmesTests.xctest; sourceTree = BUILT_PRODUCTS_DIR; };
		EACA58432611157D00A3E596 /* FilmesTests.swift */ = {isa = PBXFileReference; lastKnownFileType = sourcecode.swift; path = FilmesTests.swift; sourceTree = "<group>"; };
		EACA58452611157D00A3E596 /* Info.plist */ = {isa = PBXFileReference; lastKnownFileType = text.plist.xml; path = Info.plist; sourceTree = "<group>"; };
		EACA584A2611157D00A3E596 /* FilmesUITests.xctest */ = {isa = PBXFileReference; explicitFileType = wrapper.cfbundle; includeInIndex = 0; path = FilmesUITests.xctest; sourceTree = BUILT_PRODUCTS_DIR; };
		EACA584E2611157D00A3E596 /* FilmesUITests.swift */ = {isa = PBXFileReference; lastKnownFileType = sourcecode.swift; path = FilmesUITests.swift; sourceTree = "<group>"; };
		EACA58502611157D00A3E596 /* Info.plist */ = {isa = PBXFileReference; lastKnownFileType = text.plist.xml; path = Info.plist; sourceTree = "<group>"; };
		EACA587D2611371F00A3E596 /* FilmesSemana.swift */ = {isa = PBXFileReference; lastKnownFileType = sourcecode.swift; path = FilmesSemana.swift; sourceTree = "<group>"; };
		EAEE23642614C45F00880471 /* FilmeDetalhe.json */ = {isa = PBXFileReference; lastKnownFileType = text.json; path = FilmeDetalhe.json; sourceTree = "<group>"; };
		EAEE237E2614F13100880471 /* FimesPaginaInicial.json */ = {isa = PBXFileReference; lastKnownFileType = text.json; path = FimesPaginaInicial.json; sourceTree = "<group>"; };
		EC83B41DCECE31EF79EEFB24 /* Pods_FilmesTests.framework */ = {isa = PBXFileReference; explicitFileType = wrapper.framework; includeInIndex = 0; path = Pods_FilmesTests.framework; sourceTree = BUILT_PRODUCTS_DIR; };
/* End PBXFileReference section */

/* Begin PBXFrameworksBuildPhase section */
		EACA58262611157500A3E596 /* Frameworks */ = {
			isa = PBXFrameworksBuildPhase;
			buildActionMask = 2147483647;
			files = (
				61DFCAE84F79D43F2DD20F71 /* Pods_Filmes.framework in Frameworks */,
			);
			runOnlyForDeploymentPostprocessing = 0;
		};
		EACA583C2611157D00A3E596 /* Frameworks */ = {
			isa = PBXFrameworksBuildPhase;
			buildActionMask = 2147483647;
			files = (
				EF4CB7E5C1CC190AFEBCEE7D /* Pods_FilmesTests.framework in Frameworks */,
			);
			runOnlyForDeploymentPostprocessing = 0;
		};
		EACA58472611157D00A3E596 /* Frameworks */ = {
			isa = PBXFrameworksBuildPhase;
			buildActionMask = 2147483647;
			files = (
				DED77EABC1C8E1488AD54CCC /* Pods_Filmes_FilmesUITests.framework in Frameworks */,
			);
			runOnlyForDeploymentPostprocessing = 0;
		};
/* End PBXFrameworksBuildPhase section */

/* Begin PBXGroup section */
		565710BB69F7BA7D92DAA4DD /* Pods */ = {
			isa = PBXGroup;
			children = (
				BA4ACB5AEEC775CFDA4B2C25 /* Pods-Filmes.debug.xcconfig */,
				3434DFBD115B74B2B2CCDC31 /* Pods-Filmes.release.xcconfig */,
				2A92A21E14DD70F8DC81EFC2 /* Pods-Filmes-FilmesUITests.debug.xcconfig */,
				2C89908FFFA32C9164A96C32 /* Pods-Filmes-FilmesUITests.release.xcconfig */,
				D4A68EF9E3C036C4B02E445A /* Pods-FilmesTests.debug.xcconfig */,
				52D653C29F839D2574FEFFFD /* Pods-FilmesTests.release.xcconfig */,
			);
			path = Pods;
			sourceTree = "<group>";
		};
		BBAC75167817B25AB5F51DDD /* Frameworks */ = {
			isa = PBXGroup;
			children = (
				60E9BFBEF702B4571FAC1EAB /* Pods_Filmes.framework */,
				4132933B7F9D008406905DBF /* Pods_Filmes_FilmesUITests.framework */,
				EC83B41DCECE31EF79EEFB24 /* Pods_FilmesTests.framework */,
			);
			name = Frameworks;
			sourceTree = "<group>";
		};
		EA2C879D261458CF0008B3C3 /* Detalhes */ = {
			isa = PBXGroup;
			children = (
				EA2C87A0261458FC0008B3C3 /* Model */,
				EA2C879F261458F70008B3C3 /* View */,
				EA2C879E261458EC0008B3C3 /* Controller */,
			);
			path = Detalhes;
			sourceTree = "<group>";
		};
		EA2C879E261458EC0008B3C3 /* Controller */ = {
			isa = PBXGroup;
			children = (
				EA2C87622613B5010008B3C3 /* DetalhesFilmesViewController.swift */,
			);
			path = Controller;
			sourceTree = "<group>";
		};
		EA2C879F261458F70008B3C3 /* View */ = {
			isa = PBXGroup;
			children = (
			);
			path = View;
			sourceTree = "<group>";
		};
		EA2C87A0261458FC0008B3C3 /* Model */ = {
			isa = PBXGroup;
			children = (
				EA2C87552613A6BB0008B3C3 /* DetalhesFilmes.swift */,
			);
			path = Model;
			sourceTree = "<group>";
		};
		EA53642C261171C0008F0917 /* Model */ = {
			isa = PBXGroup;
			children = (
				EACA587D2611371F00A3E596 /* FilmesSemana.swift */,
			);
			path = Model;
			sourceTree = "<group>";
		};
		EA536430261171F9008F0917 /* View */ = {
			isa = PBXGroup;
			children = (
				EA53642726115285008F0917 /* FilmesCollectionViewCell.swift */,
			);
			path = View;
			sourceTree = "<group>";
		};
		EACA58202611157500A3E596 = {
			isa = PBXGroup;
			children = (
				EACA582B2611157500A3E596 /* Filmes */,
				EACA58422611157D00A3E596 /* FilmesTests */,
				EACA584D2611157D00A3E596 /* FilmesUITests */,
				EACA582A2611157500A3E596 /* Products */,
				565710BB69F7BA7D92DAA4DD /* Pods */,
				BBAC75167817B25AB5F51DDD /* Frameworks */,
			);
			sourceTree = "<group>";
		};
		EACA582A2611157500A3E596 /* Products */ = {
			isa = PBXGroup;
			children = (
				EACA58292611157500A3E596 /* Filmes.app */,
				EACA583F2611157D00A3E596 /* FilmesTests.xctest */,
				EACA584A2611157D00A3E596 /* FilmesUITests.xctest */,
			);
			name = Products;
			sourceTree = "<group>";
		};
		EACA582B2611157500A3E596 /* Filmes */ = {
			isa = PBXGroup;
			children = (
				EA2C879D261458CF0008B3C3 /* Detalhes */,
				EAE3F92626113B3900DA8E8E /* Home */,
				EACA582C2611157500A3E596 /* AppDelegate.swift */,
				EACA582E2611157500A3E596 /* SceneDelegate.swift */,
				EACA58322611157500A3E596 /* Main.storyboard */,
				EACA58352611157D00A3E596 /* Assets.xcassets */,
				EACA58372611157D00A3E596 /* LaunchScreen.storyboard */,
				EACA583A2611157D00A3E596 /* Info.plist */,
			);
			path = Filmes;
			sourceTree = "<group>";
		};
		EACA58422611157D00A3E596 /* FilmesTests */ = {
			isa = PBXGroup;
			children = (
				EAEE23722614F08700880471 /* Filmes */,
				EAEE235A2614BF1100880471 /* Detalhes */,
				EACA58432611157D00A3E596 /* FilmesTests.swift */,
				EACA58452611157D00A3E596 /* Info.plist */,
			);
			path = FilmesTests;
			sourceTree = "<group>";
		};
		EACA584D2611157D00A3E596 /* FilmesUITests */ = {
			isa = PBXGroup;
			children = (
				EACA584E2611157D00A3E596 /* FilmesUITests.swift */,
				EACA58502611157D00A3E596 /* Info.plist */,
			);
			path = FilmesUITests;
			sourceTree = "<group>";
		};
		EAE3F92626113B3900DA8E8E /* Home */ = {
			isa = PBXGroup;
			children = (
				EA536430261171F9008F0917 /* View */,
				EA53642C261171C0008F0917 /* Model */,
				EAE3F92726113B5100DA8E8E /* Controller */,
			);
			path = Home;
			sourceTree = "<group>";
		};
		EAE3F92726113B5100DA8E8E /* Controller */ = {
			isa = PBXGroup;
			children = (
				EACA58302611157500A3E596 /* FilmesViewController.swift */,
			);
			path = Controller;
			sourceTree = "<group>";
		};
		EAEE235A2614BF1100880471 /* Detalhes */ = {
			isa = PBXGroup;
			children = (
				EAEE23632614C42B00880471 /* Json */,
				EAEE23622614C40F00880471 /* Model */,
				EAEE235B2614BF1C00880471 /* Controller */,
			);
			path = Detalhes;
			sourceTree = "<group>";
		};
		EAEE235B2614BF1C00880471 /* Controller */ = {
			isa = PBXGroup;
			children = (
			);
			path = Controller;
			sourceTree = "<group>";
		};
		EAEE23622614C40F00880471 /* Model */ = {
			isa = PBXGroup;
			children = (
			);
			path = Model;
			sourceTree = "<group>";
		};
		EAEE23632614C42B00880471 /* Json */ = {
			isa = PBXGroup;
			children = (
				EAEE23642614C45F00880471 /* FilmeDetalhe.json */,
			);
			path = Json;
			sourceTree = "<group>";
		};
		EAEE23722614F08700880471 /* Filmes */ = {
			isa = PBXGroup;
			children = (
				EAEE23732614F08E00880471 /* Json */,
				EAEE23742614F09500880471 /* Model */,
				EAEE23752614F09C00880471 /* Controller */,
			);
			path = Filmes;
			sourceTree = "<group>";
		};
		EAEE23732614F08E00880471 /* Json */ = {
			isa = PBXGroup;
			children = (
			);
			path = Json;
			sourceTree = "<group>";
		};
		EAEE23742614F09500880471 /* Model */ = {
			isa = PBXGroup;
			children = (
				EAEE237E2614F13100880471 /* FimesPaginaInicial.json */,
			);
			path = Model;
			sourceTree = "<group>";
		};
		EAEE23752614F09C00880471 /* Controller */ = {
			isa = PBXGroup;
			children = (
			);
			path = Controller;
			sourceTree = "<group>";
		};
/* End PBXGroup section */

/* Begin PBXNativeTarget section */
		EACA58282611157500A3E596 /* Filmes */ = {
			isa = PBXNativeTarget;
			buildConfigurationList = EACA58532611157D00A3E596 /* Build configuration list for PBXNativeTarget "Filmes" */;
			buildPhases = (
				7CACC589C36FB112BD06C1A9 /* [CP] Check Pods Manifest.lock */,
				EACA58252611157500A3E596 /* Sources */,
				EACA58262611157500A3E596 /* Frameworks */,
				EACA58272611157500A3E596 /* Resources */,
				054FE5A420DEF18A70B5349B /* [CP] Embed Pods Frameworks */,
			);
			buildRules = (
			);
			dependencies = (
			);
			name = Filmes;
			productName = Filmes;
			productReference = EACA58292611157500A3E596 /* Filmes.app */;
			productType = "com.apple.product-type.application";
		};
		EACA583E2611157D00A3E596 /* FilmesTests */ = {
			isa = PBXNativeTarget;
			buildConfigurationList = EACA58562611157D00A3E596 /* Build configuration list for PBXNativeTarget "FilmesTests" */;
			buildPhases = (
				EB80DB76AE8118669AB8F229 /* [CP] Check Pods Manifest.lock */,
				EACA583B2611157D00A3E596 /* Sources */,
				EACA583C2611157D00A3E596 /* Frameworks */,
				EACA583D2611157D00A3E596 /* Resources */,
			);
			buildRules = (
			);
			dependencies = (
				EACA58412611157D00A3E596 /* PBXTargetDependency */,
			);
			name = FilmesTests;
			productName = FilmesTests;
			productReference = EACA583F2611157D00A3E596 /* FilmesTests.xctest */;
			productType = "com.apple.product-type.bundle.unit-test";
		};
		EACA58492611157D00A3E596 /* FilmesUITests */ = {
			isa = PBXNativeTarget;
			buildConfigurationList = EACA58592611157D00A3E596 /* Build configuration list for PBXNativeTarget "FilmesUITests" */;
			buildPhases = (
				5627881ED179111A022164F2 /* [CP] Check Pods Manifest.lock */,
				EACA58462611157D00A3E596 /* Sources */,
				EACA58472611157D00A3E596 /* Frameworks */,
				EACA58482611157D00A3E596 /* Resources */,
				C0A313023DA2BCA3B470C73D /* [CP] Embed Pods Frameworks */,
			);
			buildRules = (
			);
			dependencies = (
				EACA584C2611157D00A3E596 /* PBXTargetDependency */,
			);
			name = FilmesUITests;
			productName = FilmesUITests;
			productReference = EACA584A2611157D00A3E596 /* FilmesUITests.xctest */;
			productType = "com.apple.product-type.bundle.ui-testing";
		};
/* End PBXNativeTarget section */

/* Begin PBXProject section */
		EACA58212611157500A3E596 /* Project object */ = {
			isa = PBXProject;
			attributes = {
				LastSwiftUpdateCheck = 1240;
				LastUpgradeCheck = 1240;
				TargetAttributes = {
					EACA58282611157500A3E596 = {
						CreatedOnToolsVersion = 12.4;
					};
					EACA583E2611157D00A3E596 = {
						CreatedOnToolsVersion = 12.4;
						TestTargetID = EACA58282611157500A3E596;
					};
					EACA58492611157D00A3E596 = {
						CreatedOnToolsVersion = 12.4;
						TestTargetID = EACA58282611157500A3E596;
					};
				};
			};
			buildConfigurationList = EACA58242611157500A3E596 /* Build configuration list for PBXProject "Filmes" */;
			compatibilityVersion = "Xcode 9.3";
			developmentRegion = en;
			hasScannedForEncodings = 0;
			knownRegions = (
				en,
				Base,
			);
			mainGroup = EACA58202611157500A3E596;
			productRefGroup = EACA582A2611157500A3E596 /* Products */;
			projectDirPath = "";
			projectRoot = "";
			targets = (
				EACA58282611157500A3E596 /* Filmes */,
				EACA583E2611157D00A3E596 /* FilmesTests */,
				EACA58492611157D00A3E596 /* FilmesUITests */,
			);
		};
/* End PBXProject section */

/* Begin PBXResourcesBuildPhase section */
		EACA58272611157500A3E596 /* Resources */ = {
			isa = PBXResourcesBuildPhase;
			buildActionMask = 2147483647;
			files = (
				EACA58392611157D00A3E596 /* LaunchScreen.storyboard in Resources */,
				EACA58362611157D00A3E596 /* Assets.xcassets in Resources */,
				EACA58342611157500A3E596 /* Main.storyboard in Resources */,
			);
			runOnlyForDeploymentPostprocessing = 0;
		};
		EACA583D2611157D00A3E596 /* Resources */ = {
			isa = PBXResourcesBuildPhase;
			buildActionMask = 2147483647;
			files = (
				EAEE237F2614F13100880471 /* FimesPaginaInicial.json in Resources */,
				EAEE23652614C45F00880471 /* FilmeDetalhe.json in Resources */,
			);
			runOnlyForDeploymentPostprocessing = 0;
		};
		EACA58482611157D00A3E596 /* Resources */ = {
			isa = PBXResourcesBuildPhase;
			buildActionMask = 2147483647;
			files = (
			);
			runOnlyForDeploymentPostprocessing = 0;
		};
/* End PBXResourcesBuildPhase section */

/* Begin PBXShellScriptBuildPhase section */
		054FE5A420DEF18A70B5349B /* [CP] Embed Pods Frameworks */ = {
			isa = PBXShellScriptBuildPhase;
			buildActionMask = 2147483647;
			files = (
			);
			inputFileListPaths = (
				"${PODS_ROOT}/Target Support Files/Pods-Filmes/Pods-Filmes-frameworks-${CONFIGURATION}-input-files.xcfilelist",
			);
			name = "[CP] Embed Pods Frameworks";
			outputFileListPaths = (
				"${PODS_ROOT}/Target Support Files/Pods-Filmes/Pods-Filmes-frameworks-${CONFIGURATION}-output-files.xcfilelist",
			);
			runOnlyForDeploymentPostprocessing = 0;
			shellPath = /bin/sh;
			shellScript = "\"${PODS_ROOT}/Target Support Files/Pods-Filmes/Pods-Filmes-frameworks.sh\"\n";
			showEnvVarsInLog = 0;
		};
		5627881ED179111A022164F2 /* [CP] Check Pods Manifest.lock */ = {
			isa = PBXShellScriptBuildPhase;
			buildActionMask = 2147483647;
			files = (
			);
			inputFileListPaths = (
			);
			inputPaths = (
				"${PODS_PODFILE_DIR_PATH}/Podfile.lock",
				"${PODS_ROOT}/Manifest.lock",
			);
			name = "[CP] Check Pods Manifest.lock";
			outputFileListPaths = (
			);
			outputPaths = (
				"$(DERIVED_FILE_DIR)/Pods-Filmes-FilmesUITests-checkManifestLockResult.txt",
			);
			runOnlyForDeploymentPostprocessing = 0;
			shellPath = /bin/sh;
			shellScript = "diff \"${PODS_PODFILE_DIR_PATH}/Podfile.lock\" \"${PODS_ROOT}/Manifest.lock\" > /dev/null\nif [ $? != 0 ] ; then\n    # print error to STDERR\n    echo \"error: The sandbox is not in sync with the Podfile.lock. Run 'pod install' or update your CocoaPods installation.\" >&2\n    exit 1\nfi\n# This output is used by Xcode 'outputs' to avoid re-running this script phase.\necho \"SUCCESS\" > \"${SCRIPT_OUTPUT_FILE_0}\"\n";
			showEnvVarsInLog = 0;
		};
		7CACC589C36FB112BD06C1A9 /* [CP] Check Pods Manifest.lock */ = {
			isa = PBXShellScriptBuildPhase;
			buildActionMask = 2147483647;
			files = (
			);
			inputFileListPaths = (
			);
			inputPaths = (
				"${PODS_PODFILE_DIR_PATH}/Podfile.lock",
				"${PODS_ROOT}/Manifest.lock",
			);
			name = "[CP] Check Pods Manifest.lock";
			outputFileListPaths = (
			);
			outputPaths = (
				"$(DERIVED_FILE_DIR)/Pods-Filmes-checkManifestLockResult.txt",
			);
			runOnlyForDeploymentPostprocessing = 0;
			shellPath = /bin/sh;
			shellScript = "diff \"${PODS_PODFILE_DIR_PATH}/Podfile.lock\" \"${PODS_ROOT}/Manifest.lock\" > /dev/null\nif [ $? != 0 ] ; then\n    # print error to STDERR\n    echo \"error: The sandbox is not in sync with the Podfile.lock. Run 'pod install' or update your CocoaPods installation.\" >&2\n    exit 1\nfi\n# This output is used by Xcode 'outputs' to avoid re-running this script phase.\necho \"SUCCESS\" > \"${SCRIPT_OUTPUT_FILE_0}\"\n";
			showEnvVarsInLog = 0;
		};
		C0A313023DA2BCA3B470C73D /* [CP] Embed Pods Frameworks */ = {
			isa = PBXShellScriptBuildPhase;
			buildActionMask = 2147483647;
			files = (
			);
			inputFileListPaths = (
				"${PODS_ROOT}/Target Support Files/Pods-Filmes-FilmesUITests/Pods-Filmes-FilmesUITests-frameworks-${CONFIGURATION}-input-files.xcfilelist",
			);
			name = "[CP] Embed Pods Frameworks";
			outputFileListPaths = (
				"${PODS_ROOT}/Target Support Files/Pods-Filmes-FilmesUITests/Pods-Filmes-FilmesUITests-frameworks-${CONFIGURATION}-output-files.xcfilelist",
			);
			runOnlyForDeploymentPostprocessing = 0;
			shellPath = /bin/sh;
			shellScript = "\"${PODS_ROOT}/Target Support Files/Pods-Filmes-FilmesUITests/Pods-Filmes-FilmesUITests-frameworks.sh\"\n";
			showEnvVarsInLog = 0;
		};
		EB80DB76AE8118669AB8F229 /* [CP] Check Pods Manifest.lock */ = {
			isa = PBXShellScriptBuildPhase;
			buildActionMask = 2147483647;
			files = (
			);
			inputFileListPaths = (
			);
			inputPaths = (
				"${PODS_PODFILE_DIR_PATH}/Podfile.lock",
				"${PODS_ROOT}/Manifest.lock",
			);
			name = "[CP] Check Pods Manifest.lock";
			outputFileListPaths = (
			);
			outputPaths = (
				"$(DERIVED_FILE_DIR)/Pods-FilmesTests-checkManifestLockResult.txt",
			);
			runOnlyForDeploymentPostprocessing = 0;
			shellPath = /bin/sh;
			shellScript = "diff \"${PODS_PODFILE_DIR_PATH}/Podfile.lock\" \"${PODS_ROOT}/Manifest.lock\" > /dev/null\nif [ $? != 0 ] ; then\n    # print error to STDERR\n    echo \"error: The sandbox is not in sync with the Podfile.lock. Run 'pod install' or update your CocoaPods installation.\" >&2\n    exit 1\nfi\n# This output is used by Xcode 'outputs' to avoid re-running this script phase.\necho \"SUCCESS\" > \"${SCRIPT_OUTPUT_FILE_0}\"\n";
			showEnvVarsInLog = 0;
		};
/* End PBXShellScriptBuildPhase section */

/* Begin PBXSourcesBuildPhase section */
		EACA58252611157500A3E596 /* Sources */ = {
			isa = PBXSourcesBuildPhase;
			buildActionMask = 2147483647;
			files = (
				EA2C87562613A6BB0008B3C3 /* DetalhesFilmes.swift in Sources */,
				EA53642826115285008F0917 /* FilmesCollectionViewCell.swift in Sources */,
				EACA58312611157500A3E596 /* FilmesViewController.swift in Sources */,
				EACA587E2611371F00A3E596 /* FilmesSemana.swift in Sources */,
				EACA582D2611157500A3E596 /* AppDelegate.swift in Sources */,
				EA2C87632613B5010008B3C3 /* DetalhesFilmesViewController.swift in Sources */,
				EACA582F2611157500A3E596 /* SceneDelegate.swift in Sources */,
			);
			runOnlyForDeploymentPostprocessing = 0;
		};
		EACA583B2611157D00A3E596 /* Sources */ = {
			isa = PBXSourcesBuildPhase;
			buildActionMask = 2147483647;
			files = (
				EACA58442611157D00A3E596 /* FilmesTests.swift in Sources */,
			);
			runOnlyForDeploymentPostprocessing = 0;
		};
		EACA58462611157D00A3E596 /* Sources */ = {
			isa = PBXSourcesBuildPhase;
			buildActionMask = 2147483647;
			files = (
				EACA584F2611157D00A3E596 /* FilmesUITests.swift in Sources */,
			);
			runOnlyForDeploymentPostprocessing = 0;
		};
/* End PBXSourcesBuildPhase section */

/* Begin PBXTargetDependency section */
		EACA58412611157D00A3E596 /* PBXTargetDependency */ = {
			isa = PBXTargetDependency;
			target = EACA58282611157500A3E596 /* Filmes */;
			targetProxy = EACA58402611157D00A3E596 /* PBXContainerItemProxy */;
		};
		EACA584C2611157D00A3E596 /* PBXTargetDependency */ = {
			isa = PBXTargetDependency;
			target = EACA58282611157500A3E596 /* Filmes */;
			targetProxy = EACA584B2611157D00A3E596 /* PBXContainerItemProxy */;
		};
/* End PBXTargetDependency section */

/* Begin PBXVariantGroup section */
		EACA58322611157500A3E596 /* Main.storyboard */ = {
			isa = PBXVariantGroup;
			children = (
				EACA58332611157500A3E596 /* Base */,
			);
			name = Main.storyboard;
			sourceTree = "<group>";
		};
		EACA58372611157D00A3E596 /* LaunchScreen.storyboard */ = {
			isa = PBXVariantGroup;
			children = (
				EACA58382611157D00A3E596 /* Base */,
			);
			name = LaunchScreen.storyboard;
			sourceTree = "<group>";
		};
/* End PBXVariantGroup section */

/* Begin XCBuildConfiguration section */
		EACA58512611157D00A3E596 /* Debug */ = {
			isa = XCBuildConfiguration;
			buildSettings = {
				ALWAYS_SEARCH_USER_PATHS = NO;
				CLANG_ANALYZER_NONNULL = YES;
				CLANG_ANALYZER_NUMBER_OBJECT_CONVERSION = YES_AGGRESSIVE;
				CLANG_CXX_LANGUAGE_STANDARD = "gnu++14";
				CLANG_CXX_LIBRARY = "libc++";
				CLANG_ENABLE_MODULES = YES;
				CLANG_ENABLE_OBJC_ARC = YES;
				CLANG_ENABLE_OBJC_WEAK = YES;
				CLANG_WARN_BLOCK_CAPTURE_AUTORELEASING = YES;
				CLANG_WARN_BOOL_CONVERSION = YES;
				CLANG_WARN_COMMA = YES;
				CLANG_WARN_CONSTANT_CONVERSION = YES;
				CLANG_WARN_DEPRECATED_OBJC_IMPLEMENTATIONS = YES;
				CLANG_WARN_DIRECT_OBJC_ISA_USAGE = YES_ERROR;
				CLANG_WARN_DOCUMENTATION_COMMENTS = YES;
				CLANG_WARN_EMPTY_BODY = YES;
				CLANG_WARN_ENUM_CONVERSION = YES;
				CLANG_WARN_INFINITE_RECURSION = YES;
				CLANG_WARN_INT_CONVERSION = YES;
				CLANG_WARN_NON_LITERAL_NULL_CONVERSION = YES;
				CLANG_WARN_OBJC_IMPLICIT_RETAIN_SELF = YES;
				CLANG_WARN_OBJC_LITERAL_CONVERSION = YES;
				CLANG_WARN_OBJC_ROOT_CLASS = YES_ERROR;
				CLANG_WARN_QUOTED_INCLUDE_IN_FRAMEWORK_HEADER = YES;
				CLANG_WARN_RANGE_LOOP_ANALYSIS = YES;
				CLANG_WARN_STRICT_PROTOTYPES = YES;
				CLANG_WARN_SUSPICIOUS_MOVE = YES;
				CLANG_WARN_UNGUARDED_AVAILABILITY = YES_AGGRESSIVE;
				CLANG_WARN_UNREACHABLE_CODE = YES;
				CLANG_WARN__DUPLICATE_METHOD_MATCH = YES;
				COPY_PHASE_STRIP = NO;
				DEBUG_INFORMATION_FORMAT = dwarf;
				ENABLE_STRICT_OBJC_MSGSEND = YES;
				ENABLE_TESTABILITY = YES;
				GCC_C_LANGUAGE_STANDARD = gnu11;
				GCC_DYNAMIC_NO_PIC = NO;
				GCC_NO_COMMON_BLOCKS = YES;
				GCC_OPTIMIZATION_LEVEL = 0;
				GCC_PREPROCESSOR_DEFINITIONS = (
					"DEBUG=1",
					"$(inherited)",
				);
				GCC_WARN_64_TO_32_BIT_CONVERSION = YES;
				GCC_WARN_ABOUT_RETURN_TYPE = YES_ERROR;
				GCC_WARN_UNDECLARED_SELECTOR = YES;
				GCC_WARN_UNINITIALIZED_AUTOS = YES_AGGRESSIVE;
				GCC_WARN_UNUSED_FUNCTION = YES;
				GCC_WARN_UNUSED_VARIABLE = YES;
				IPHONEOS_DEPLOYMENT_TARGET = 14.4;
				MTL_ENABLE_DEBUG_INFO = INCLUDE_SOURCE;
				MTL_FAST_MATH = YES;
				ONLY_ACTIVE_ARCH = YES;
				SDKROOT = iphoneos;
				SWIFT_ACTIVE_COMPILATION_CONDITIONS = DEBUG;
				SWIFT_OPTIMIZATION_LEVEL = "-Onone";
			};
			name = Debug;
		};
		EACA58522611157D00A3E596 /* Release */ = {
			isa = XCBuildConfiguration;
			buildSettings = {
				ALWAYS_SEARCH_USER_PATHS = NO;
				CLANG_ANALYZER_NONNULL = YES;
				CLANG_ANALYZER_NUMBER_OBJECT_CONVERSION = YES_AGGRESSIVE;
				CLANG_CXX_LANGUAGE_STANDARD = "gnu++14";
				CLANG_CXX_LIBRARY = "libc++";
				CLANG_ENABLE_MODULES = YES;
				CLANG_ENABLE_OBJC_ARC = YES;
				CLANG_ENABLE_OBJC_WEAK = YES;
				CLANG_WARN_BLOCK_CAPTURE_AUTORELEASING = YES;
				CLANG_WARN_BOOL_CONVERSION = YES;
				CLANG_WARN_COMMA = YES;
				CLANG_WARN_CONSTANT_CONVERSION = YES;
				CLANG_WARN_DEPRECATED_OBJC_IMPLEMENTATIONS = YES;
				CLANG_WARN_DIRECT_OBJC_ISA_USAGE = YES_ERROR;
				CLANG_WARN_DOCUMENTATION_COMMENTS = YES;
				CLANG_WARN_EMPTY_BODY = YES;
				CLANG_WARN_ENUM_CONVERSION = YES;
				CLANG_WARN_INFINITE_RECURSION = YES;
				CLANG_WARN_INT_CONVERSION = YES;
				CLANG_WARN_NON_LITERAL_NULL_CONVERSION = YES;
				CLANG_WARN_OBJC_IMPLICIT_RETAIN_SELF = YES;
				CLANG_WARN_OBJC_LITERAL_CONVERSION = YES;
				CLANG_WARN_OBJC_ROOT_CLASS = YES_ERROR;
				CLANG_WARN_QUOTED_INCLUDE_IN_FRAMEWORK_HEADER = YES;
				CLANG_WARN_RANGE_LOOP_ANALYSIS = YES;
				CLANG_WARN_STRICT_PROTOTYPES = YES;
				CLANG_WARN_SUSPICIOUS_MOVE = YES;
				CLANG_WARN_UNGUARDED_AVAILABILITY = YES_AGGRESSIVE;
				CLANG_WARN_UNREACHABLE_CODE = YES;
				CLANG_WARN__DUPLICATE_METHOD_MATCH = YES;
				COPY_PHASE_STRIP = NO;
				DEBUG_INFORMATION_FORMAT = "dwarf-with-dsym";
				ENABLE_NS_ASSERTIONS = NO;
				ENABLE_STRICT_OBJC_MSGSEND = YES;
				GCC_C_LANGUAGE_STANDARD = gnu11;
				GCC_NO_COMMON_BLOCKS = YES;
				GCC_WARN_64_TO_32_BIT_CONVERSION = YES;
				GCC_WARN_ABOUT_RETURN_TYPE = YES_ERROR;
				GCC_WARN_UNDECLARED_SELECTOR = YES;
				GCC_WARN_UNINITIALIZED_AUTOS = YES_AGGRESSIVE;
				GCC_WARN_UNUSED_FUNCTION = YES;
				GCC_WARN_UNUSED_VARIABLE = YES;
				IPHONEOS_DEPLOYMENT_TARGET = 14.4;
				MTL_ENABLE_DEBUG_INFO = NO;
				MTL_FAST_MATH = YES;
				SDKROOT = iphoneos;
				SWIFT_COMPILATION_MODE = wholemodule;
				SWIFT_OPTIMIZATION_LEVEL = "-O";
				VALIDATE_PRODUCT = YES;
			};
			name = Release;
		};
		EACA58542611157D00A3E596 /* Debug */ = {
			isa = XCBuildConfiguration;
			baseConfigurationReference = BA4ACB5AEEC775CFDA4B2C25 /* Pods-Filmes.debug.xcconfig */;
			buildSettings = {
				ASSETCATALOG_COMPILER_APPICON_NAME = AppIcon;
				ASSETCATALOG_COMPILER_GLOBAL_ACCENT_COLOR_NAME = AccentColor;
				CODE_SIGN_STYLE = Automatic;
				INFOPLIST_FILE = Filmes/Info.plist;
				LD_RUNPATH_SEARCH_PATHS = (
					"$(inherited)",
					"@executable_path/Frameworks",
				);
				PRODUCT_BUNDLE_IDENTIFIER = br.com.Filmes;
				PRODUCT_NAME = "$(TARGET_NAME)";
				SWIFT_VERSION = 5.0;
				TARGETED_DEVICE_FAMILY = "1,2";
			};
			name = Debug;
		};
		EACA58552611157D00A3E596 /* Release */ = {
			isa = XCBuildConfiguration;
			baseConfigurationReference = 3434DFBD115B74B2B2CCDC31 /* Pods-Filmes.release.xcconfig */;
			buildSettings = {
				ASSETCATALOG_COMPILER_APPICON_NAME = AppIcon;
				ASSETCATALOG_COMPILER_GLOBAL_ACCENT_COLOR_NAME = AccentColor;
				CODE_SIGN_STYLE = Automatic;
				INFOPLIST_FILE = Filmes/Info.plist;
				LD_RUNPATH_SEARCH_PATHS = (
					"$(inherited)",
					"@executable_path/Frameworks",
				);
				PRODUCT_BUNDLE_IDENTIFIER = br.com.Filmes;
				PRODUCT_NAME = "$(TARGET_NAME)";
				SWIFT_VERSION = 5.0;
				TARGETED_DEVICE_FAMILY = "1,2";
			};
			name = Release;
		};
		EACA58572611157D00A3E596 /* Debug */ = {
			isa = XCBuildConfiguration;
			baseConfigurationReference = D4A68EF9E3C036C4B02E445A /* Pods-FilmesTests.debug.xcconfig */;
			buildSettings = {
				ALWAYS_EMBED_SWIFT_STANDARD_LIBRARIES = YES;
				BUNDLE_LOADER = "$(TEST_HOST)";
				CODE_SIGN_STYLE = Automatic;
				INFOPLIST_FILE = FilmesTests/Info.plist;
				IPHONEOS_DEPLOYMENT_TARGET = 14.4;
				LD_RUNPATH_SEARCH_PATHS = (
					"$(inherited)",
					"@executable_path/Frameworks",
					"@loader_path/Frameworks",
				);
				PRODUCT_BUNDLE_IDENTIFIER = br.com.FilmesTests;
				PRODUCT_NAME = "$(TARGET_NAME)";
				SWIFT_VERSION = 5.0;
				TARGETED_DEVICE_FAMILY = "1,2";
				TEST_HOST = "$(BUILT_PRODUCTS_DIR)/Filmes.app/Filmes";
			};
			name = Debug;
		};
		EACA58582611157D00A3E596 /* Release */ = {
			isa = XCBuildConfiguration;
			baseConfigurationReference = 52D653C29F839D2574FEFFFD /* Pods-FilmesTests.release.xcconfig */;
			buildSettings = {
				ALWAYS_EMBED_SWIFT_STANDARD_LIBRARIES = YES;
				BUNDLE_LOADER = "$(TEST_HOST)";
				CODE_SIGN_STYLE = Automatic;
				INFOPLIST_FILE = FilmesTests/Info.plist;
				IPHONEOS_DEPLOYMENT_TARGET = 14.4;
				LD_RUNPATH_SEARCH_PATHS = (
					"$(inherited)",
					"@executable_path/Frameworks",
					"@loader_path/Frameworks",
				);
				PRODUCT_BUNDLE_IDENTIFIER = br.com.FilmesTests;
				PRODUCT_NAME = "$(TARGET_NAME)";
				SWIFT_VERSION = 5.0;
				TARGETED_DEVICE_FAMILY = "1,2";
				TEST_HOST = "$(BUILT_PRODUCTS_DIR)/Filmes.app/Filmes";
			};
			name = Release;
		};
		EACA585A2611157D00A3E596 /* Debug */ = {
			isa = XCBuildConfiguration;
			baseConfigurationReference = 2A92A21E14DD70F8DC81EFC2 /* Pods-Filmes-FilmesUITests.debug.xcconfig */;
			buildSettings = {
				ALWAYS_EMBED_SWIFT_STANDARD_LIBRARIES = YES;
				CODE_SIGN_STYLE = Automatic;
				INFOPLIST_FILE = FilmesUITests/Info.plist;
				LD_RUNPATH_SEARCH_PATHS = (
					"$(inherited)",
					"@executable_path/Frameworks",
					"@loader_path/Frameworks",
				);
				PRODUCT_BUNDLE_IDENTIFIER = br.com.FilmesUITests;
				PRODUCT_NAME = "$(TARGET_NAME)";
				SWIFT_VERSION = 5.0;
				TARGETED_DEVICE_FAMILY = "1,2";
				TEST_TARGET_NAME = Filmes;
			};
			name = Debug;
		};
		EACA585B2611157D00A3E596 /* Release */ = {
			isa = XCBuildConfiguration;
			baseConfigurationReference = 2C89908FFFA32C9164A96C32 /* Pods-Filmes-FilmesUITests.release.xcconfig */;
			buildSettings = {
				ALWAYS_EMBED_SWIFT_STANDARD_LIBRARIES = YES;
				CODE_SIGN_STYLE = Automatic;
				INFOPLIST_FILE = FilmesUITests/Info.plist;
				LD_RUNPATH_SEARCH_PATHS = (
					"$(inherited)",
					"@executable_path/Frameworks",
					"@loader_path/Frameworks",
				);
				PRODUCT_BUNDLE_IDENTIFIER = br.com.FilmesUITests;
				PRODUCT_NAME = "$(TARGET_NAME)";
				SWIFT_VERSION = 5.0;
				TARGETED_DEVICE_FAMILY = "1,2";
				TEST_TARGET_NAME = Filmes;
			};
			name = Release;
		};
/* End XCBuildConfiguration section */

/* Begin XCConfigurationList section */
		EACA58242611157500A3E596 /* Build configuration list for PBXProject "Filmes" */ = {
			isa = XCConfigurationList;
			buildConfigurations = (
				EACA58512611157D00A3E596 /* Debug */,
				EACA58522611157D00A3E596 /* Release */,
			);
			defaultConfigurationIsVisible = 0;
			defaultConfigurationName = Release;
		};
		EACA58532611157D00A3E596 /* Build configuration list for PBXNativeTarget "Filmes" */ = {
			isa = XCConfigurationList;
			buildConfigurations = (
				EACA58542611157D00A3E596 /* Debug */,
				EACA58552611157D00A3E596 /* Release */,
			);
			defaultConfigurationIsVisible = 0;
			defaultConfigurationName = Release;
		};
		EACA58562611157D00A3E596 /* Build configuration list for PBXNativeTarget "FilmesTests" */ = {
			isa = XCConfigurationList;
			buildConfigurations = (
				EACA58572611157D00A3E596 /* Debug */,
				EACA58582611157D00A3E596 /* Release */,
			);
			defaultConfigurationIsVisible = 0;
			defaultConfigurationName = Release;
		};
		EACA58592611157D00A3E596 /* Build configuration list for PBXNativeTarget "FilmesUITests" */ = {
			isa = XCConfigurationList;
			buildConfigurations = (
				EACA585A2611157D00A3E596 /* Debug */,
				EACA585B2611157D00A3E596 /* Release */,
			);
			defaultConfigurationIsVisible = 0;
			defaultConfigurationName = Release;
		};
/* End XCConfigurationList section */
	};
	rootObject = EACA58212611157500A3E596 /* Project object */;
}
